{
  "name": "NexHub",
  "lockfileVersion": 3,
  "requires": true,
  "packages": {
    "": {
      "dependencies": {
        "anthropic": "^0.0.0"
      }
    },
    "node_modules/anthropic": {
      "version": "0.0.0",
      "resolved": "https://registry.npmjs.org/anthropic/-/anthropic-0.0.0.tgz",
      "integrity": "sha512-f5q/E0ZTR079xtkh58gFQ5chyLiRYgSoVDGA/hWacvU1DzVt+anoN8tEtTwWbmav6/+w/fFMNMj7r/KAMdOIYw==",
      "license": "MIT"
    }
  }
}
